// !$*UTF8*$!
{
	archiveVersion = 1;
	classes = {
	};
	objectVersion = 46;
	objects = {

/* Begin PBXBuildFile section */
		CB02388514972BE5001AC32A /* Foundation.framework in Frameworks */ = {isa = PBXBuildFile; fileRef = CB02388414972BE5001AC32A /* Foundation.framework */; };
		CB02388714972BE5001AC32A /* UIKit.framework in Frameworks */ = {isa = PBXBuildFile; fileRef = CB02388614972BE5001AC32A /* UIKit.framework */; };
		CB02388914972BE5001AC32A /* CoreGraphics.framework in Frameworks */ = {isa = PBXBuildFile; fileRef = CB02388814972BE5001AC32A /* CoreGraphics.framework */; };
		CB02388B14972BE5001AC32A /* AddressBook.framework in Frameworks */ = {isa = PBXBuildFile; fileRef = CB02388A14972BE5001AC32A /* AddressBook.framework */; };
		CB02388D14972BE5001AC32A /* AddressBookUI.framework in Frameworks */ = {isa = PBXBuildFile; fileRef = CB02388C14972BE5001AC32A /* AddressBookUI.framework */; };
		CB02388F14972BE5001AC32A /* AudioToolbox.framework in Frameworks */ = {isa = PBXBuildFile; fileRef = CB02388E14972BE5001AC32A /* AudioToolbox.framework */; };
		CB02389114972BE5001AC32A /* AVFoundation.framework in Frameworks */ = {isa = PBXBuildFile; fileRef = CB02389014972BE5001AC32A /* AVFoundation.framework */; };
		CB02389314972BE5001AC32A /* CoreLocation.framework in Frameworks */ = {isa = PBXBuildFile; fileRef = CB02389214972BE5001AC32A /* CoreLocation.framework */; };
		CB02389514972BE5001AC32A /* MediaPlayer.framework in Frameworks */ = {isa = PBXBuildFile; fileRef = CB02389414972BE5001AC32A /* MediaPlayer.framework */; };
		CB02389714972BE5001AC32A /* QuartzCore.framework in Frameworks */ = {isa = PBXBuildFile; fileRef = CB02389614972BE5001AC32A /* QuartzCore.framework */; };
		CB02389914972BE5001AC32A /* SystemConfiguration.framework in Frameworks */ = {isa = PBXBuildFile; fileRef = CB02389814972BE5001AC32A /* SystemConfiguration.framework */; };
		CB02389B14972BE5001AC32A /* MobileCoreServices.framework in Frameworks */ = {isa = PBXBuildFile; fileRef = CB02389A14972BE5001AC32A /* MobileCoreServices.framework */; };
		CB02389D14972BE5001AC32A /* CoreMedia.framework in Frameworks */ = {isa = PBXBuildFile; fileRef = CB02389C14972BE5001AC32A /* CoreMedia.framework */; };
		CB0238A314972BE5001AC32A /* InfoPlist.strings in Resources */ = {isa = PBXBuildFile; fileRef = CB0238A114972BE5001AC32A /* InfoPlist.strings */; };
		CB0238A514972BE5001AC32A /* main.m in Sources */ = {isa = PBXBuildFile; fileRef = CB0238A414972BE5001AC32A /* main.m */; };
		CB0238AD14972BE5001AC32A /* Localizable.strings in Resources */ = {isa = PBXBuildFile; fileRef = CB0238AB14972BE5001AC32A /* Localizable.strings */; };
		CB0238BF14972BE5001AC32A /* Capture.bundle in Resources */ = {isa = PBXBuildFile; fileRef = CB0238BE14972BE5001AC32A /* Capture.bundle */; };
		CB0238C114972BE5001AC32A /* PhoneGap.plist in Resources */ = {isa = PBXBuildFile; fileRef = CB0238C014972BE5001AC32A /* PhoneGap.plist */; };
		CB0238C514972BE5001AC32A /* AppDelegate.m in Sources */ = {isa = PBXBuildFile; fileRef = CB0238C414972BE5001AC32A /* AppDelegate.m */; };
		CB0238CE14972C9E001AC32A /* www in Resources */ = {isa = PBXBuildFile; fileRef = CB0238CD14972C9E001AC32A /* www */; };
		CB0238D814973011001AC32A /* OSCManager.mm in Sources */ = {isa = PBXBuildFile; fileRef = CB0238D714973011001AC32A /* OSCManager.mm */; };
		CB0238F514973255001AC32A /* IpEndpointName.cpp in Sources */ = {isa = PBXBuildFile; fileRef = CB0238DF14973255001AC32A /* IpEndpointName.cpp */; };
		CB0238F614973255001AC32A /* NetworkingUtils.cpp in Sources */ = {isa = PBXBuildFile; fileRef = CB0238E414973255001AC32A /* NetworkingUtils.cpp */; };
		CB0238F714973255001AC32A /* UdpSocket.cpp in Sources */ = {isa = PBXBuildFile; fileRef = CB0238E514973255001AC32A /* UdpSocket.cpp */; };
		CB0238F814973255001AC32A /* OscOutboundPacketStream.cpp in Sources */ = {isa = PBXBuildFile; fileRef = CB0238EC14973255001AC32A /* OscOutboundPacketStream.cpp */; };
		CB0238F914973255001AC32A /* OscPrintReceivedElements.cpp in Sources */ = {isa = PBXBuildFile; fileRef = CB0238EF14973255001AC32A /* OscPrintReceivedElements.cpp */; };
		CB0238FA14973255001AC32A /* OscReceivedElements.cpp in Sources */ = {isa = PBXBuildFile; fileRef = CB0238F114973255001AC32A /* OscReceivedElements.cpp */; };
		CB0238FB14973255001AC32A /* OscTypes.cpp in Sources */ = {isa = PBXBuildFile; fileRef = CB0238F314973255001AC32A /* OscTypes.cpp */; };
		CB0238FE14973581001AC32A /* CNTRLDevice.m in Sources */ = {isa = PBXBuildFile; fileRef = CB0238FD14973581001AC32A /* CNTRLDevice.m */; };
		CB02390614980170001AC32A /* CNTRLBonjour.m in Sources */ = {isa = PBXBuildFile; fileRef = CB02390514980170001AC32A /* CNTRLBonjour.m */; };
		CB02394014981832001AC32A /* Accelerometer.m in Sources */ = {isa = PBXBuildFile; fileRef = CB02390914981832001AC32A /* Accelerometer.m */; };
		CB02394114981832001AC32A /* Battery.m in Sources */ = {isa = PBXBuildFile; fileRef = CB02390B14981832001AC32A /* Battery.m */; };
		CB02394214981832001AC32A /* Camera.m in Sources */ = {isa = PBXBuildFile; fileRef = CB02390D14981832001AC32A /* Camera.m */; };
		CB02394314981832001AC32A /* Capture.m in Sources */ = {isa = PBXBuildFile; fileRef = CB02390F14981832001AC32A /* Capture.m */; };
		CB02394414981832001AC32A /* Categories.m in Sources */ = {isa = PBXBuildFile; fileRef = CB02391114981832001AC32A /* Categories.m */; };
		CB02394514981832001AC32A /* Connection.m in Sources */ = {isa = PBXBuildFile; fileRef = CB02391314981832001AC32A /* Connection.m */; };
		CB02394614981832001AC32A /* Contact.m in Sources */ = {isa = PBXBuildFile; fileRef = CB02391514981832001AC32A /* Contact.m */; };
		CB02394714981832001AC32A /* Contacts.m in Sources */ = {isa = PBXBuildFile; fileRef = CB02391714981832001AC32A /* Contacts.m */; };
		CB02394814981832001AC32A /* DebugConsole.m in Sources */ = {isa = PBXBuildFile; fileRef = CB02391914981832001AC32A /* DebugConsole.m */; };
		CB02394914981832001AC32A /* File.m in Sources */ = {isa = PBXBuildFile; fileRef = CB02391B14981832001AC32A /* File.m */; };
		CB02394A14981832001AC32A /* FileTransfer.m in Sources */ = {isa = PBXBuildFile; fileRef = CB02391D14981832001AC32A /* FileTransfer.m */; };
		CB02394B14981832001AC32A /* InvokedUrlCommand.m in Sources */ = {isa = PBXBuildFile; fileRef = CB02391F14981832001AC32A /* InvokedUrlCommand.m */; };
		CB02394C14981832001AC32A /* JSONKit.m in Sources */ = {isa = PBXBuildFile; fileRef = CB02392214981832001AC32A /* JSONKit.m */; };
		CB02394D14981832001AC32A /* Location.m in Sources */ = {isa = PBXBuildFile; fileRef = CB02392414981832001AC32A /* Location.m */; };
		CB02394E14981832001AC32A /* Notification.m in Sources */ = {isa = PBXBuildFile; fileRef = CB02392614981832001AC32A /* Notification.m */; };
		CB02394F14981832001AC32A /* NSData+Base64.m in Sources */ = {isa = PBXBuildFile; fileRef = CB02392814981832001AC32A /* NSData+Base64.m */; };
		CB02395014981832001AC32A /* NSMutableArray+QueueAdditions.m in Sources */ = {isa = PBXBuildFile; fileRef = CB02392A14981832001AC32A /* NSMutableArray+QueueAdditions.m */; };
		CB02395114981832001AC32A /* PGMotion.m in Sources */ = {isa = PBXBuildFile; fileRef = CB02392D14981832001AC32A /* PGMotion.m */; };
		CB02395214981832001AC32A /* PGPlugin.m in Sources */ = {isa = PBXBuildFile; fileRef = CB02392F14981832001AC32A /* PGPlugin.m */; };
		CB02395314981832001AC32A /* PGSplashScreen.m in Sources */ = {isa = PBXBuildFile; fileRef = CB02393114981832001AC32A /* PGSplashScreen.m */; };
		CB02395414981832001AC32A /* PGURLProtocol.m in Sources */ = {isa = PBXBuildFile; fileRef = CB02393314981832001AC32A /* PGURLProtocol.m */; };
		CB02395514981832001AC32A /* PGWhitelist.m in Sources */ = {isa = PBXBuildFile; fileRef = CB02393514981832001AC32A /* PGWhitelist.m */; };
		CB02395614981832001AC32A /* PhoneGapDelegate.m in Sources */ = {isa = PBXBuildFile; fileRef = CB02393714981832001AC32A /* PhoneGapDelegate.m */; };
		CB02395714981832001AC32A /* PhoneGapViewController.m in Sources */ = {isa = PBXBuildFile; fileRef = CB02393914981832001AC32A /* PhoneGapViewController.m */; };
		CB02395814981832001AC32A /* PluginResult.m in Sources */ = {isa = PBXBuildFile; fileRef = CB02393B14981832001AC32A /* PluginResult.m */; };
		CB02395914981832001AC32A /* Reachability.m in Sources */ = {isa = PBXBuildFile; fileRef = CB02393D14981832001AC32A /* Reachability.m */; };
		CB02395A14981832001AC32A /* Sound.m in Sources */ = {isa = PBXBuildFile; fileRef = CB02393F14981832001AC32A /* Sound.m */; };
		CB02395D149AA86C001AC32A /* CNTRLMIDI.m in Sources */ = {isa = PBXBuildFile; fileRef = CB02395C149AA86B001AC32A /* CNTRLMIDI.m */; };
		CB023961149AAD9D001AC32A /* Accelerate.framework in Frameworks */ = {isa = PBXBuildFile; fileRef = CB02395E149AAD9D001AC32A /* Accelerate.framework */; };
		CB023962149AAD9D001AC32A /* CoreMotion.framework in Frameworks */ = {isa = PBXBuildFile; fileRef = CB02395F149AAD9D001AC32A /* CoreMotion.framework */; };
		CB023963149AAD9D001AC32A /* CoreMIDI.framework in Frameworks */ = {isa = PBXBuildFile; fileRef = CB023960149AAD9D001AC32A /* CoreMIDI.framework */; };
		CB64B49B154CE9AE00D403A4 /* CNTRLSpeech.m in Sources */ = {isa = PBXBuildFile; fileRef = CB64B49A154CE9AE00D403A4 /* CNTRLSpeech.m */; };
		CB64B49D154CF0F100D403A4 /* cmu07a.dic in Resources */ = {isa = PBXBuildFile; fileRef = CB64B49C154CF0F100D403A4 /* cmu07a.dic */; };
		CB737F1214DA8729003416AF /* Gyro.m in Sources */ = {isa = PBXBuildFile; fileRef = CB737F1114DA8729003416AF /* Gyro.m */; };
		CB76D59D154CF9F9006DF5DC /* OpenEars.framework in Frameworks */ = {isa = PBXBuildFile; fileRef = CB76D59C154CF9F9006DF5DC /* OpenEars.framework */; };
		CB76D5A6154CFD39006DF5DC /* feat.params in Resources */ = {isa = PBXBuildFile; fileRef = CB76D59F154CFD39006DF5DC /* feat.params */; };
		CB76D5A7154CFD39006DF5DC /* mdef in Resources */ = {isa = PBXBuildFile; fileRef = CB76D5A0154CFD39006DF5DC /* mdef */; };
		CB76D5A8154CFD39006DF5DC /* means in Resources */ = {isa = PBXBuildFile; fileRef = CB76D5A1154CFD39006DF5DC /* means */; };
		CB76D5A9154CFD39006DF5DC /* noisedict in Resources */ = {isa = PBXBuildFile; fileRef = CB76D5A2154CFD39006DF5DC /* noisedict */; };
		CB76D5AA154CFD39006DF5DC /* sendump in Resources */ = {isa = PBXBuildFile; fileRef = CB76D5A3154CFD39006DF5DC /* sendump */; };
		CB76D5AB154CFD39006DF5DC /* transition_matrices in Resources */ = {isa = PBXBuildFile; fileRef = CB76D5A4154CFD39006DF5DC /* transition_matrices */; };
		CB76D5AC154CFD39006DF5DC /* variances in Resources */ = {isa = PBXBuildFile; fileRef = CB76D5A5154CFD39006DF5DC /* variances */; };
		CBB033BC154C8F5600FC4156 /* CNTRLVideo.m in Sources */ = {isa = PBXBuildFile; fileRef = CBB033BB154C8F5600FC4156 /* CNTRLVideo.m */; };
		CBB033C9154C987900FC4156 /* CoreVideo.framework in Frameworks */ = {isa = PBXBuildFile; fileRef = CBB033C8154C987900FC4156 /* CoreVideo.framework */; };
		CBFA18EE1547703B00809024 /* Default.png in Resources */ = {isa = PBXBuildFile; fileRef = CBFA18EC1547703B00809024 /* Default.png */; };
		CBFA18EF1547703B00809024 /* Default@2x.png in Resources */ = {isa = PBXBuildFile; fileRef = CBFA18ED1547703B00809024 /* Default@2x.png */; };
		CBFA18F31547704500809024 /* Default-Portrait.png in Resources */ = {isa = PBXBuildFile; fileRef = CBFA18F01547704500809024 /* Default-Portrait.png */; };
		CBFA18F41547704500809024 /* Default-Portrait~ipad.png in Resources */ = {isa = PBXBuildFile; fileRef = CBFA18F11547704500809024 /* Default-Portrait~ipad.png */; };
		CBFA18F51547704500809024 /* Default-PortraitUpsideDown~ipad.png in Resources */ = {isa = PBXBuildFile; fileRef = CBFA18F21547704500809024 /* Default-PortraitUpsideDown~ipad.png */; };
		CBFA18F81547707000809024 /* icon.png in Resources */ = {isa = PBXBuildFile; fileRef = CBFA18F61547707000809024 /* icon.png */; };
		CBFA18F91547707000809024 /* Icon@2x.png in Resources */ = {isa = PBXBuildFile; fileRef = CBFA18F71547707000809024 /* Icon@2x.png */; };
		CBFA18FB1547707F00809024 /* Icon-72.png in Resources */ = {isa = PBXBuildFile; fileRef = CBFA18FA1547707F00809024 /* Icon-72.png */; };
		CBFA19011547D94D00809024 /* CNTRLMagnetometer.m in Sources */ = {isa = PBXBuildFile; fileRef = CBFA19001547D94C00809024 /* CNTRLMagnetometer.m */; };
/* End PBXBuildFile section */

/* Begin PBXFileReference section */
		CB02388014972BE5001AC32A /* Control.app */ = {isa = PBXFileReference; explicitFileType = wrapper.application; includeInIndex = 0; path = Control.app; sourceTree = BUILT_PRODUCTS_DIR; };
		CB02388414972BE5001AC32A /* Foundation.framework */ = {isa = PBXFileReference; lastKnownFileType = wrapper.framework; name = Foundation.framework; path = System/Library/Frameworks/Foundation.framework; sourceTree = SDKROOT; };
		CB02388614972BE5001AC32A /* UIKit.framework */ = {isa = PBXFileReference; lastKnownFileType = wrapper.framework; name = UIKit.framework; path = System/Library/Frameworks/UIKit.framework; sourceTree = SDKROOT; };
		CB02388814972BE5001AC32A /* CoreGraphics.framework */ = {isa = PBXFileReference; lastKnownFileType = wrapper.framework; name = CoreGraphics.framework; path = System/Library/Frameworks/CoreGraphics.framework; sourceTree = SDKROOT; };
		CB02388A14972BE5001AC32A /* AddressBook.framework */ = {isa = PBXFileReference; lastKnownFileType = wrapper.framework; name = AddressBook.framework; path = System/Library/Frameworks/AddressBook.framework; sourceTree = SDKROOT; };
		CB02388C14972BE5001AC32A /* AddressBookUI.framework */ = {isa = PBXFileReference; lastKnownFileType = wrapper.framework; name = AddressBookUI.framework; path = System/Library/Frameworks/AddressBookUI.framework; sourceTree = SDKROOT; };
		CB02388E14972BE5001AC32A /* AudioToolbox.framework */ = {isa = PBXFileReference; lastKnownFileType = wrapper.framework; name = AudioToolbox.framework; path = System/Library/Frameworks/AudioToolbox.framework; sourceTree = SDKROOT; };
		CB02389014972BE5001AC32A /* AVFoundation.framework */ = {isa = PBXFileReference; lastKnownFileType = wrapper.framework; name = AVFoundation.framework; path = System/Library/Frameworks/AVFoundation.framework; sourceTree = SDKROOT; };
		CB02389214972BE5001AC32A /* CoreLocation.framework */ = {isa = PBXFileReference; lastKnownFileType = wrapper.framework; name = CoreLocation.framework; path = System/Library/Frameworks/CoreLocation.framework; sourceTree = SDKROOT; };
		CB02389414972BE5001AC32A /* MediaPlayer.framework */ = {isa = PBXFileReference; lastKnownFileType = wrapper.framework; name = MediaPlayer.framework; path = System/Library/Frameworks/MediaPlayer.framework; sourceTree = SDKROOT; };
		CB02389614972BE5001AC32A /* QuartzCore.framework */ = {isa = PBXFileReference; lastKnownFileType = wrapper.framework; name = QuartzCore.framework; path = System/Library/Frameworks/QuartzCore.framework; sourceTree = SDKROOT; };
		CB02389814972BE5001AC32A /* SystemConfiguration.framework */ = {isa = PBXFileReference; lastKnownFileType = wrapper.framework; name = SystemConfiguration.framework; path = System/Library/Frameworks/SystemConfiguration.framework; sourceTree = SDKROOT; };
		CB02389A14972BE5001AC32A /* MobileCoreServices.framework */ = {isa = PBXFileReference; lastKnownFileType = wrapper.framework; name = MobileCoreServices.framework; path = System/Library/Frameworks/MobileCoreServices.framework; sourceTree = SDKROOT; };
		CB02389C14972BE5001AC32A /* CoreMedia.framework */ = {isa = PBXFileReference; lastKnownFileType = wrapper.framework; name = CoreMedia.framework; path = System/Library/Frameworks/CoreMedia.framework; sourceTree = SDKROOT; };
		CB0238A014972BE5001AC32A /* Control-Info.plist */ = {isa = PBXFileReference; lastKnownFileType = text.plist.xml; path = "Control-Info.plist"; sourceTree = "<group>"; };
		CB0238A214972BE5001AC32A /* en */ = {isa = PBXFileReference; lastKnownFileType = text.plist.strings; name = en; path = en.lproj/InfoPlist.strings; sourceTree = "<group>"; };
		CB0238A414972BE5001AC32A /* main.m */ = {isa = PBXFileReference; lastKnownFileType = sourcecode.c.objc; path = main.m; sourceTree = "<group>"; };
		CB0238A614972BE5001AC32A /* Control-Prefix.pch */ = {isa = PBXFileReference; lastKnownFileType = sourcecode.c.h; path = "Control-Prefix.pch"; sourceTree = "<group>"; };
		CB0238AC14972BE5001AC32A /* en */ = {isa = PBXFileReference; lastKnownFileType = text.plist.strings; name = en; path = Resources/en.lproj/Localizable.strings; sourceTree = "<group>"; };
		CB0238B014972BE5001AC32A /* es */ = {isa = PBXFileReference; lastKnownFileType = text.plist.strings; name = es; path = Resources/es.lproj/Localizable.strings; sourceTree = "<group>"; };
		CB0238BE14972BE5001AC32A /* Capture.bundle */ = {isa = PBXFileReference; lastKnownFileType = "wrapper.plug-in"; name = Capture.bundle; path = Resources/Capture.bundle; sourceTree = "<group>"; };
		CB0238C014972BE5001AC32A /* PhoneGap.plist */ = {isa = PBXFileReference; lastKnownFileType = text.plist.xml; path = PhoneGap.plist; sourceTree = "<group>"; };
		CB0238C314972BE5001AC32A /* AppDelegate.h */ = {isa = PBXFileReference; lastKnownFileType = sourcecode.c.h; name = AppDelegate.h; path = Classes/AppDelegate.h; sourceTree = "<group>"; };
		CB0238C414972BE5001AC32A /* AppDelegate.m */ = {isa = PBXFileReference; lastKnownFileType = sourcecode.c.objc; name = AppDelegate.m; path = Classes/AppDelegate.m; sourceTree = "<group>"; };
		CB0238C714972BE5001AC32A /* README */ = {isa = PBXFileReference; lastKnownFileType = text; name = README; path = Plugins/README; sourceTree = "<group>"; };
		CB0238CD14972C9E001AC32A /* www */ = {isa = PBXFileReference; lastKnownFileType = folder; name = www; path = ../../www; sourceTree = "<group>"; };
		CB0238D614973011001AC32A /* OSCManager.h */ = {isa = PBXFileReference; fileEncoding = 4; lastKnownFileType = sourcecode.c.h; path = OSCManager.h; sourceTree = "<group>"; };
		CB0238D714973011001AC32A /* OSCManager.mm */ = {isa = PBXFileReference; fileEncoding = 4; lastKnownFileType = sourcecode.cpp.objcpp; path = OSCManager.mm; sourceTree = "<group>"; };
		CB0238DF14973255001AC32A /* IpEndpointName.cpp */ = {isa = PBXFileReference; fileEncoding = 4; lastKnownFileType = sourcecode.cpp.cpp; path = IpEndpointName.cpp; sourceTree = "<group>"; };
		CB0238E014973255001AC32A /* IpEndpointName.h */ = {isa = PBXFileReference; fileEncoding = 4; lastKnownFileType = sourcecode.c.h; path = IpEndpointName.h; sourceTree = "<group>"; };
		CB0238E114973255001AC32A /* NetworkingUtils.h */ = {isa = PBXFileReference; fileEncoding = 4; lastKnownFileType = sourcecode.c.h; path = NetworkingUtils.h; sourceTree = "<group>"; };
		CB0238E214973255001AC32A /* PacketListener.h */ = {isa = PBXFileReference; fileEncoding = 4; lastKnownFileType = sourcecode.c.h; path = PacketListener.h; sourceTree = "<group>"; };
		CB0238E414973255001AC32A /* NetworkingUtils.cpp */ = {isa = PBXFileReference; fileEncoding = 4; lastKnownFileType = sourcecode.cpp.cpp; path = NetworkingUtils.cpp; sourceTree = "<group>"; };
		CB0238E514973255001AC32A /* UdpSocket.cpp */ = {isa = PBXFileReference; fileEncoding = 4; lastKnownFileType = sourcecode.cpp.cpp; path = UdpSocket.cpp; sourceTree = "<group>"; };
		CB0238E614973255001AC32A /* TimerListener.h */ = {isa = PBXFileReference; fileEncoding = 4; lastKnownFileType = sourcecode.c.h; path = TimerListener.h; sourceTree = "<group>"; };
		CB0238E714973255001AC32A /* UdpSocket.h */ = {isa = PBXFileReference; fileEncoding = 4; lastKnownFileType = sourcecode.c.h; path = UdpSocket.h; sourceTree = "<group>"; };
		CB0238E914973255001AC32A /* MessageMappingOscPacketListener.h */ = {isa = PBXFileReference; fileEncoding = 4; lastKnownFileType = sourcecode.c.h; path = MessageMappingOscPacketListener.h; sourceTree = "<group>"; };
		CB0238EA14973255001AC32A /* OscException.h */ = {isa = PBXFileReference; fileEncoding = 4; lastKnownFileType = sourcecode.c.h; path = OscException.h; sourceTree = "<group>"; };
		CB0238EB14973255001AC32A /* OscHostEndianness.h */ = {isa = PBXFileReference; fileEncoding = 4; lastKnownFileType = sourcecode.c.h; path = OscHostEndianness.h; sourceTree = "<group>"; };
		CB0238EC14973255001AC32A /* OscOutboundPacketStream.cpp */ = {isa = PBXFileReference; fileEncoding = 4; lastKnownFileType = sourcecode.cpp.cpp; path = OscOutboundPacketStream.cpp; sourceTree = "<group>"; };
		CB0238ED14973255001AC32A /* OscOutboundPacketStream.h */ = {isa = PBXFileReference; fileEncoding = 4; lastKnownFileType = sourcecode.c.h; path = OscOutboundPacketStream.h; sourceTree = "<group>"; };
		CB0238EE14973255001AC32A /* OscPacketListener.h */ = {isa = PBXFileReference; fileEncoding = 4; lastKnownFileType = sourcecode.c.h; path = OscPacketListener.h; sourceTree = "<group>"; };
		CB0238EF14973255001AC32A /* OscPrintReceivedElements.cpp */ = {isa = PBXFileReference; fileEncoding = 4; lastKnownFileType = sourcecode.cpp.cpp; path = OscPrintReceivedElements.cpp; sourceTree = "<group>"; };
		CB0238F014973255001AC32A /* OscPrintReceivedElements.h */ = {isa = PBXFileReference; fileEncoding = 4; lastKnownFileType = sourcecode.c.h; path = OscPrintReceivedElements.h; sourceTree = "<group>"; };
		CB0238F114973255001AC32A /* OscReceivedElements.cpp */ = {isa = PBXFileReference; fileEncoding = 4; lastKnownFileType = sourcecode.cpp.cpp; path = OscReceivedElements.cpp; sourceTree = "<group>"; };
		CB0238F214973255001AC32A /* OscReceivedElements.h */ = {isa = PBXFileReference; fileEncoding = 4; lastKnownFileType = sourcecode.c.h; path = OscReceivedElements.h; sourceTree = "<group>"; };
		CB0238F314973255001AC32A /* OscTypes.cpp */ = {isa = PBXFileReference; fileEncoding = 4; lastKnownFileType = sourcecode.cpp.cpp; path = OscTypes.cpp; sourceTree = "<group>"; };
		CB0238F414973255001AC32A /* OscTypes.h */ = {isa = PBXFileReference; fileEncoding = 4; lastKnownFileType = sourcecode.c.h; path = OscTypes.h; sourceTree = "<group>"; };
		CB0238FC14973581001AC32A /* CNTRLDevice.h */ = {isa = PBXFileReference; fileEncoding = 4; lastKnownFileType = sourcecode.c.h; path = CNTRLDevice.h; sourceTree = "<group>"; };
		CB0238FD14973581001AC32A /* CNTRLDevice.m */ = {isa = PBXFileReference; fileEncoding = 4; lastKnownFileType = sourcecode.c.objc; path = CNTRLDevice.m; sourceTree = "<group>"; };
		CB02390414980170001AC32A /* CNTRLBonjour.h */ = {isa = PBXFileReference; fileEncoding = 4; lastKnownFileType = sourcecode.c.h; path = CNTRLBonjour.h; sourceTree = "<group>"; };
		CB02390514980170001AC32A /* CNTRLBonjour.m */ = {isa = PBXFileReference; fileEncoding = 4; lastKnownFileType = sourcecode.c.objc; path = CNTRLBonjour.m; sourceTree = "<group>"; };
		CB02390814981832001AC32A /* Accelerometer.h */ = {isa = PBXFileReference; fileEncoding = 4; lastKnownFileType = sourcecode.c.h; path = Accelerometer.h; sourceTree = "<group>"; };
		CB02390914981832001AC32A /* Accelerometer.m */ = {isa = PBXFileReference; fileEncoding = 4; lastKnownFileType = sourcecode.c.objc; path = Accelerometer.m; sourceTree = "<group>"; };
		CB02390A14981832001AC32A /* Battery.h */ = {isa = PBXFileReference; fileEncoding = 4; lastKnownFileType = sourcecode.c.h; path = Battery.h; sourceTree = "<group>"; };
		CB02390B14981832001AC32A /* Battery.m */ = {isa = PBXFileReference; fileEncoding = 4; lastKnownFileType = sourcecode.c.objc; path = Battery.m; sourceTree = "<group>"; };
		CB02390C14981832001AC32A /* Camera.h */ = {isa = PBXFileReference; fileEncoding = 4; lastKnownFileType = sourcecode.c.h; path = Camera.h; sourceTree = "<group>"; };
		CB02390D14981832001AC32A /* Camera.m */ = {isa = PBXFileReference; fileEncoding = 4; lastKnownFileType = sourcecode.c.objc; path = Camera.m; sourceTree = "<group>"; };
		CB02390E14981832001AC32A /* Capture.h */ = {isa = PBXFileReference; fileEncoding = 4; lastKnownFileType = sourcecode.c.h; path = Capture.h; sourceTree = "<group>"; };
		CB02390F14981832001AC32A /* Capture.m */ = {isa = PBXFileReference; fileEncoding = 4; lastKnownFileType = sourcecode.c.objc; path = Capture.m; sourceTree = "<group>"; };
		CB02391014981832001AC32A /* Categories.h */ = {isa = PBXFileReference; fileEncoding = 4; lastKnownFileType = sourcecode.c.h; path = Categories.h; sourceTree = "<group>"; };
		CB02391114981832001AC32A /* Categories.m */ = {isa = PBXFileReference; fileEncoding = 4; lastKnownFileType = sourcecode.c.objc; path = Categories.m; sourceTree = "<group>"; };
		CB02391214981832001AC32A /* Connection.h */ = {isa = PBXFileReference; fileEncoding = 4; lastKnownFileType = sourcecode.c.h; path = Connection.h; sourceTree = "<group>"; };
		CB02391314981832001AC32A /* Connection.m */ = {isa = PBXFileReference; fileEncoding = 4; lastKnownFileType = sourcecode.c.objc; path = Connection.m; sourceTree = "<group>"; };
		CB02391414981832001AC32A /* Contact.h */ = {isa = PBXFileReference; fileEncoding = 4; lastKnownFileType = sourcecode.c.h; path = Contact.h; sourceTree = "<group>"; };
		CB02391514981832001AC32A /* Contact.m */ = {isa = PBXFileReference; fileEncoding = 4; lastKnownFileType = sourcecode.c.objc; path = Contact.m; sourceTree = "<group>"; };
		CB02391614981832001AC32A /* Contacts.h */ = {isa = PBXFileReference; fileEncoding = 4; lastKnownFileType = sourcecode.c.h; path = Contacts.h; sourceTree = "<group>"; };
		CB02391714981832001AC32A /* Contacts.m */ = {isa = PBXFileReference; fileEncoding = 4; lastKnownFileType = sourcecode.c.objc; path = Contacts.m; sourceTree = "<group>"; };
		CB02391814981832001AC32A /* DebugConsole.h */ = {isa = PBXFileReference; fileEncoding = 4; lastKnownFileType = sourcecode.c.h; path = DebugConsole.h; sourceTree = "<group>"; };
		CB02391914981832001AC32A /* DebugConsole.m */ = {isa = PBXFileReference; fileEncoding = 4; lastKnownFileType = sourcecode.c.objc; path = DebugConsole.m; sourceTree = "<group>"; };
		CB02391A14981832001AC32A /* File.h */ = {isa = PBXFileReference; fileEncoding = 4; lastKnownFileType = sourcecode.c.h; path = File.h; sourceTree = "<group>"; };
		CB02391B14981832001AC32A /* File.m */ = {isa = PBXFileReference; fileEncoding = 4; lastKnownFileType = sourcecode.c.objc; path = File.m; sourceTree = "<group>"; };
		CB02391C14981832001AC32A /* FileTransfer.h */ = {isa = PBXFileReference; fileEncoding = 4; lastKnownFileType = sourcecode.c.h; path = FileTransfer.h; sourceTree = "<group>"; };
		CB02391D14981832001AC32A /* FileTransfer.m */ = {isa = PBXFileReference; fileEncoding = 4; lastKnownFileType = sourcecode.c.objc; path = FileTransfer.m; sourceTree = "<group>"; };
		CB02391E14981832001AC32A /* InvokedUrlCommand.h */ = {isa = PBXFileReference; fileEncoding = 4; lastKnownFileType = sourcecode.c.h; path = InvokedUrlCommand.h; sourceTree = "<group>"; };
		CB02391F14981832001AC32A /* InvokedUrlCommand.m */ = {isa = PBXFileReference; fileEncoding = 4; lastKnownFileType = sourcecode.c.objc; path = InvokedUrlCommand.m; sourceTree = "<group>"; };
		CB02392114981832001AC32A /* JSONKit.h */ = {isa = PBXFileReference; fileEncoding = 4; lastKnownFileType = sourcecode.c.h; path = JSONKit.h; sourceTree = "<group>"; };
		CB02392214981832001AC32A /* JSONKit.m */ = {isa = PBXFileReference; fileEncoding = 4; lastKnownFileType = sourcecode.c.objc; path = JSONKit.m; sourceTree = "<group>"; };
		CB02392314981832001AC32A /* Location.h */ = {isa = PBXFileReference; fileEncoding = 4; lastKnownFileType = sourcecode.c.h; path = Location.h; sourceTree = "<group>"; };
		CB02392414981832001AC32A /* Location.m */ = {isa = PBXFileReference; fileEncoding = 4; lastKnownFileType = sourcecode.c.objc; path = Location.m; sourceTree = "<group>"; };
		CB02392514981832001AC32A /* Notification.h */ = {isa = PBXFileReference; fileEncoding = 4; lastKnownFileType = sourcecode.c.h; path = Notification.h; sourceTree = "<group>"; };
		CB02392614981832001AC32A /* Notification.m */ = {isa = PBXFileReference; fileEncoding = 4; lastKnownFileType = sourcecode.c.objc; path = Notification.m; sourceTree = "<group>"; };
		CB02392714981832001AC32A /* NSData+Base64.h */ = {isa = PBXFileReference; fileEncoding = 4; lastKnownFileType = sourcecode.c.h; path = "NSData+Base64.h"; sourceTree = "<group>"; };
		CB02392814981832001AC32A /* NSData+Base64.m */ = {isa = PBXFileReference; fileEncoding = 4; lastKnownFileType = sourcecode.c.objc; path = "NSData+Base64.m"; sourceTree = "<group>"; };
		CB02392914981832001AC32A /* NSMutableArray+QueueAdditions.h */ = {isa = PBXFileReference; fileEncoding = 4; lastKnownFileType = sourcecode.c.h; path = "NSMutableArray+QueueAdditions.h"; sourceTree = "<group>"; };
		CB02392A14981832001AC32A /* NSMutableArray+QueueAdditions.m */ = {isa = PBXFileReference; fileEncoding = 4; lastKnownFileType = sourcecode.c.objc; path = "NSMutableArray+QueueAdditions.m"; sourceTree = "<group>"; };
		CB02392B14981832001AC32A /* PGDebug.h */ = {isa = PBXFileReference; fileEncoding = 4; lastKnownFileType = sourcecode.c.h; path = PGDebug.h; sourceTree = "<group>"; };
		CB02392C14981832001AC32A /* PGMotion.h */ = {isa = PBXFileReference; fileEncoding = 4; lastKnownFileType = sourcecode.c.h; path = PGMotion.h; sourceTree = "<group>"; };
		CB02392D14981832001AC32A /* PGMotion.m */ = {isa = PBXFileReference; fileEncoding = 4; lastKnownFileType = sourcecode.c.objc; path = PGMotion.m; sourceTree = "<group>"; };
		CB02392E14981832001AC32A /* PGPlugin.h */ = {isa = PBXFileReference; fileEncoding = 4; lastKnownFileType = sourcecode.c.h; path = PGPlugin.h; sourceTree = "<group>"; };
		CB02392F14981832001AC32A /* PGPlugin.m */ = {isa = PBXFileReference; fileEncoding = 4; lastKnownFileType = sourcecode.c.objc; path = PGPlugin.m; sourceTree = "<group>"; };
		CB02393014981832001AC32A /* PGSplashScreen.h */ = {isa = PBXFileReference; fileEncoding = 4; lastKnownFileType = sourcecode.c.h; path = PGSplashScreen.h; sourceTree = "<group>"; };
		CB02393114981832001AC32A /* PGSplashScreen.m */ = {isa = PBXFileReference; fileEncoding = 4; lastKnownFileType = sourcecode.c.objc; path = PGSplashScreen.m; sourceTree = "<group>"; };
		CB02393214981832001AC32A /* PGURLProtocol.h */ = {isa = PBXFileReference; fileEncoding = 4; lastKnownFileType = sourcecode.c.h; path = PGURLProtocol.h; sourceTree = "<group>"; };
		CB02393314981832001AC32A /* PGURLProtocol.m */ = {isa = PBXFileReference; fileEncoding = 4; lastKnownFileType = sourcecode.c.objc; path = PGURLProtocol.m; sourceTree = "<group>"; };
		CB02393414981832001AC32A /* PGWhitelist.h */ = {isa = PBXFileReference; fileEncoding = 4; lastKnownFileType = sourcecode.c.h; path = PGWhitelist.h; sourceTree = "<group>"; };
		CB02393514981832001AC32A /* PGWhitelist.m */ = {isa = PBXFileReference; fileEncoding = 4; lastKnownFileType = sourcecode.c.objc; path = PGWhitelist.m; sourceTree = "<group>"; };
		CB02393614981832001AC32A /* PhoneGapDelegate.h */ = {isa = PBXFileReference; fileEncoding = 4; lastKnownFileType = sourcecode.c.h; path = PhoneGapDelegate.h; sourceTree = "<group>"; };
		CB02393714981832001AC32A /* PhoneGapDelegate.m */ = {isa = PBXFileReference; fileEncoding = 4; lastKnownFileType = sourcecode.c.objc; path = PhoneGapDelegate.m; sourceTree = "<group>"; };
		CB02393814981832001AC32A /* PhoneGapViewController.h */ = {isa = PBXFileReference; fileEncoding = 4; lastKnownFileType = sourcecode.c.h; path = PhoneGapViewController.h; sourceTree = "<group>"; };
		CB02393914981832001AC32A /* PhoneGapViewController.m */ = {isa = PBXFileReference; fileEncoding = 4; lastKnownFileType = sourcecode.c.objc; path = PhoneGapViewController.m; sourceTree = "<group>"; };
		CB02393A14981832001AC32A /* PluginResult.h */ = {isa = PBXFileReference; fileEncoding = 4; lastKnownFileType = sourcecode.c.h; path = PluginResult.h; sourceTree = "<group>"; };
		CB02393B14981832001AC32A /* PluginResult.m */ = {isa = PBXFileReference; fileEncoding = 4; lastKnownFileType = sourcecode.c.objc; path = PluginResult.m; sourceTree = "<group>"; };
		CB02393C14981832001AC32A /* Reachability.h */ = {isa = PBXFileReference; fileEncoding = 4; lastKnownFileType = sourcecode.c.h; path = Reachability.h; sourceTree = "<group>"; };
		CB02393D14981832001AC32A /* Reachability.m */ = {isa = PBXFileReference; fileEncoding = 4; lastKnownFileType = sourcecode.c.objc; path = Reachability.m; sourceTree = "<group>"; };
		CB02393E14981832001AC32A /* Sound.h */ = {isa = PBXFileReference; fileEncoding = 4; lastKnownFileType = sourcecode.c.h; path = Sound.h; sourceTree = "<group>"; };
		CB02393F14981832001AC32A /* Sound.m */ = {isa = PBXFileReference; fileEncoding = 4; lastKnownFileType = sourcecode.c.objc; path = Sound.m; sourceTree = "<group>"; };
		CB02395B149AA86B001AC32A /* CNTRLMIDI.h */ = {isa = PBXFileReference; fileEncoding = 4; lastKnownFileType = sourcecode.c.h; path = CNTRLMIDI.h; sourceTree = "<group>"; };
		CB02395C149AA86B001AC32A /* CNTRLMIDI.m */ = {isa = PBXFileReference; fileEncoding = 4; lastKnownFileType = sourcecode.c.objc; path = CNTRLMIDI.m; sourceTree = "<group>"; };
		CB02395E149AAD9D001AC32A /* Accelerate.framework */ = {isa = PBXFileReference; lastKnownFileType = wrapper.framework; name = Accelerate.framework; path = System/Library/Frameworks/Accelerate.framework; sourceTree = SDKROOT; };
		CB02395F149AAD9D001AC32A /* CoreMotion.framework */ = {isa = PBXFileReference; lastKnownFileType = wrapper.framework; name = CoreMotion.framework; path = System/Library/Frameworks/CoreMotion.framework; sourceTree = SDKROOT; };
		CB023960149AAD9D001AC32A /* CoreMIDI.framework */ = {isa = PBXFileReference; lastKnownFileType = wrapper.framework; name = CoreMIDI.framework; path = System/Library/Frameworks/CoreMIDI.framework; sourceTree = SDKROOT; };
		CB64B499154CE9AE00D403A4 /* CNTRLSpeech.h */ = {isa = PBXFileReference; fileEncoding = 4; lastKnownFileType = sourcecode.c.h; path = CNTRLSpeech.h; sourceTree = "<group>"; };
		CB64B49A154CE9AE00D403A4 /* CNTRLSpeech.m */ = {isa = PBXFileReference; fileEncoding = 4; lastKnownFileType = sourcecode.c.objc; path = CNTRLSpeech.m; sourceTree = "<group>"; };
		CB64B49C154CF0F100D403A4 /* cmu07a.dic */ = {isa = PBXFileReference; fileEncoding = 4; lastKnownFileType = text; path = cmu07a.dic; sourceTree = "<group>"; };
		CB737F1014DA8729003416AF /* Gyro.h */ = {isa = PBXFileReference; fileEncoding = 4; lastKnownFileType = sourcecode.c.h; path = Gyro.h; sourceTree = "<group>"; };
		CB737F1114DA8729003416AF /* Gyro.m */ = {isa = PBXFileReference; fileEncoding = 4; lastKnownFileType = sourcecode.c.objc; path = Gyro.m; sourceTree = "<group>"; };
		CB76D59C154CF9F9006DF5DC /* OpenEars.framework */ = {isa = PBXFileReference; lastKnownFileType = wrapper.framework; path = OpenEars.framework; sourceTree = "<group>"; };
		CB76D59F154CFD39006DF5DC /* feat.params */ = {isa = PBXFileReference; fileEncoding = 4; lastKnownFileType = text; path = feat.params; sourceTree = "<group>"; };
		CB76D5A0154CFD39006DF5DC /* mdef */ = {isa = PBXFileReference; lastKnownFileType = file; path = mdef; sourceTree = "<group>"; };
		CB76D5A1154CFD39006DF5DC /* means */ = {isa = PBXFileReference; lastKnownFileType = file; path = means; sourceTree = "<group>"; };
		CB76D5A2154CFD39006DF5DC /* noisedict */ = {isa = PBXFileReference; fileEncoding = 4; lastKnownFileType = text; path = noisedict; sourceTree = "<group>"; };
		CB76D5A3154CFD39006DF5DC /* sendump */ = {isa = PBXFileReference; lastKnownFileType = file; path = sendump; sourceTree = "<group>"; };
		CB76D5A4154CFD39006DF5DC /* transition_matrices */ = {isa = PBXFileReference; lastKnownFileType = file; path = transition_matrices; sourceTree = "<group>"; };
		CB76D5A5154CFD39006DF5DC /* variances */ = {isa = PBXFileReference; lastKnownFileType = file; path = variances; sourceTree = "<group>"; };
		CBB033BA154C8F5600FC4156 /* CNTRLVideo.h */ = {isa = PBXFileReference; fileEncoding = 4; lastKnownFileType = sourcecode.c.h; path = CNTRLVideo.h; sourceTree = "<group>"; };
		CBB033BB154C8F5600FC4156 /* CNTRLVideo.m */ = {isa = PBXFileReference; fileEncoding = 4; lastKnownFileType = sourcecode.c.objc; path = CNTRLVideo.m; sourceTree = "<group>"; };
		CBB033C8154C987900FC4156 /* CoreVideo.framework */ = {isa = PBXFileReference; lastKnownFileType = wrapper.framework; name = CoreVideo.framework; path = System/Library/Frameworks/CoreVideo.framework; sourceTree = SDKROOT; };
		CBFA18EC1547703B00809024 /* Default.png */ = {isa = PBXFileReference; lastKnownFileType = image.png; name = Default.png; path = ../../../resources/images/Default.png; sourceTree = "<group>"; };
		CBFA18ED1547703B00809024 /* Default@2x.png */ = {isa = PBXFileReference; lastKnownFileType = image.png; name = "Default@2x.png"; path = "../../../resources/images/Default@2x.png"; sourceTree = "<group>"; };
		CBFA18F01547704500809024 /* Default-Portrait.png */ = {isa = PBXFileReference; lastKnownFileType = image.png; name = "Default-Portrait.png"; path = "../../../resources/images/Default-Portrait.png"; sourceTree = "<group>"; };
		CBFA18F11547704500809024 /* Default-Portrait~ipad.png */ = {isa = PBXFileReference; lastKnownFileType = image.png; name = "Default-Portrait~ipad.png"; path = "../../../resources/images/Default-Portrait~ipad.png"; sourceTree = "<group>"; };
		CBFA18F21547704500809024 /* Default-PortraitUpsideDown~ipad.png */ = {isa = PBXFileReference; lastKnownFileType = image.png; name = "Default-PortraitUpsideDown~ipad.png"; path = "../../../resources/images/Default-PortraitUpsideDown~ipad.png"; sourceTree = "<group>"; };
		CBFA18F61547707000809024 /* icon.png */ = {isa = PBXFileReference; lastKnownFileType = image.png; name = icon.png; path = ../../../resources/images/icon.png; sourceTree = "<group>"; };
		CBFA18F71547707000809024 /* Icon@2x.png */ = {isa = PBXFileReference; lastKnownFileType = image.png; name = "Icon@2x.png"; path = "../../../resources/images/Icon@2x.png"; sourceTree = "<group>"; };
		CBFA18FA1547707F00809024 /* Icon-72.png */ = {isa = PBXFileReference; lastKnownFileType = image.png; name = "Icon-72.png"; path = "../../../resources/images/Icon-72.png"; sourceTree = "<group>"; };
		CBFA18FF1547D94C00809024 /* CNTRLMagnetometer.h */ = {isa = PBXFileReference; fileEncoding = 4; lastKnownFileType = sourcecode.c.h; path = CNTRLMagnetometer.h; sourceTree = "<group>"; };
		CBFA19001547D94C00809024 /* CNTRLMagnetometer.m */ = {isa = PBXFileReference; fileEncoding = 4; lastKnownFileType = sourcecode.c.objc; path = CNTRLMagnetometer.m; sourceTree = "<group>"; };
/* End PBXFileReference section */

/* Begin PBXFrameworksBuildPhase section */
		CB02387A14972BE5001AC32A /* Frameworks */ = {
			isa = PBXFrameworksBuildPhase;
			buildActionMask = 2147483647;
			files = (
				CB02388514972BE5001AC32A /* Foundation.framework in Frameworks */,
				CB02388714972BE5001AC32A /* UIKit.framework in Frameworks */,
				CB02388914972BE5001AC32A /* CoreGraphics.framework in Frameworks */,
				CB02388B14972BE5001AC32A /* AddressBook.framework in Frameworks */,
				CB02388D14972BE5001AC32A /* AddressBookUI.framework in Frameworks */,
				CB02388F14972BE5001AC32A /* AudioToolbox.framework in Frameworks */,
				CB02389114972BE5001AC32A /* AVFoundation.framework in Frameworks */,
				CB02389314972BE5001AC32A /* CoreLocation.framework in Frameworks */,
				CB02389514972BE5001AC32A /* MediaPlayer.framework in Frameworks */,
				CB02389714972BE5001AC32A /* QuartzCore.framework in Frameworks */,
				CB02389914972BE5001AC32A /* SystemConfiguration.framework in Frameworks */,
				CB02389B14972BE5001AC32A /* MobileCoreServices.framework in Frameworks */,
				CB02389D14972BE5001AC32A /* CoreMedia.framework in Frameworks */,
				CB023961149AAD9D001AC32A /* Accelerate.framework in Frameworks */,
				CB023962149AAD9D001AC32A /* CoreMotion.framework in Frameworks */,
				CB023963149AAD9D001AC32A /* CoreMIDI.framework in Frameworks */,
				CBB033C9154C987900FC4156 /* CoreVideo.framework in Frameworks */,
				CB76D59D154CF9F9006DF5DC /* OpenEars.framework in Frameworks */,
			);
			runOnlyForDeploymentPostprocessing = 0;
		};
		CB02387D14972BE5001AC32A /* Frameworks */ = {
			isa = PBXFrameworksBuildPhase;
			buildActionMask = 2147483647;
			files = (
			);
			runOnlyForDeploymentPostprocessing = 0;
		};
/* End PBXFrameworksBuildPhase section */

/* Begin PBXGroup section */
		CB02387214972BE5001AC32A = {
			isa = PBXGroup;
			children = (
				CB0238CD14972C9E001AC32A /* www */,
				CB02390714981832001AC32A /* PhoneGap Classes */,
				CB02389E14972BE5001AC32A /* Control */,
				CB02388314972BE5001AC32A /* Frameworks */,
				CB02388114972BE5001AC32A /* Products */,
			);
			sourceTree = "<group>";
		};
		CB02388114972BE5001AC32A /* Products */ = {
			isa = PBXGroup;
			children = (
				CB02388014972BE5001AC32A /* Control.app */,
			);
			name = Products;
			sourceTree = "<group>";
		};
		CB02388314972BE5001AC32A /* Frameworks */ = {
			isa = PBXGroup;
			children = (
				CB76D59C154CF9F9006DF5DC /* OpenEars.framework */,
				CB0238DE14973255001AC32A /* ip */,
				CB0238E814973255001AC32A /* osc */,
				CBB033C8154C987900FC4156 /* CoreVideo.framework */,
				CB02395E149AAD9D001AC32A /* Accelerate.framework */,
				CB02395F149AAD9D001AC32A /* CoreMotion.framework */,
				CB023960149AAD9D001AC32A /* CoreMIDI.framework */,
				CB02388414972BE5001AC32A /* Foundation.framework */,
				CB02388614972BE5001AC32A /* UIKit.framework */,
				CB02388814972BE5001AC32A /* CoreGraphics.framework */,
				CB02388A14972BE5001AC32A /* AddressBook.framework */,
				CB02388C14972BE5001AC32A /* AddressBookUI.framework */,
				CB02388E14972BE5001AC32A /* AudioToolbox.framework */,
				CB02389014972BE5001AC32A /* AVFoundation.framework */,
				CB02389214972BE5001AC32A /* CoreLocation.framework */,
				CB02389414972BE5001AC32A /* MediaPlayer.framework */,
				CB02389614972BE5001AC32A /* QuartzCore.framework */,
				CB02389814972BE5001AC32A /* SystemConfiguration.framework */,
				CB02389A14972BE5001AC32A /* MobileCoreServices.framework */,
				CB02389C14972BE5001AC32A /* CoreMedia.framework */,
			);
			name = Frameworks;
			sourceTree = "<group>";
		};
		CB02389E14972BE5001AC32A /* Control */ = {
			isa = PBXGroup;
			children = (
				CB0238A914972BE5001AC32A /* Resources */,
				CB0238C214972BE5001AC32A /* Classes */,
				CB0238C614972BE5001AC32A /* Plugins */,
				CB02389F14972BE5001AC32A /* Supporting Files */,
			);
			path = Control;
			sourceTree = "<group>";
		};
		CB02389F14972BE5001AC32A /* Supporting Files */ = {
			isa = PBXGroup;
			children = (
				CB0238A014972BE5001AC32A /* Control-Info.plist */,
				CB0238A114972BE5001AC32A /* InfoPlist.strings */,
				CB0238A414972BE5001AC32A /* main.m */,
				CB0238A614972BE5001AC32A /* Control-Prefix.pch */,
				CB0238C014972BE5001AC32A /* PhoneGap.plist */,
			);
			name = "Supporting Files";
			sourceTree = "<group>";
		};
		CB0238A914972BE5001AC32A /* Resources */ = {
			isa = PBXGroup;
			children = (
				CB64B49C154CF0F100D403A4 /* cmu07a.dic */,
				CB76D59E154CFD39006DF5DC /* hub4wsj_sc_8k */,
				CB0238BE14972BE5001AC32A /* Capture.bundle */,
				CB0238AA14972BE5001AC32A /* en.lproj */,
				CB0238AE14972BE5001AC32A /* es.lproj */,
				CB0238B214972BE5001AC32A /* icons */,
				CB0238B914972BE5001AC32A /* splash */,
			);
			name = Resources;
			sourceTree = "<group>";
		};
		CB0238AA14972BE5001AC32A /* en.lproj */ = {
			isa = PBXGroup;
			children = (
				CB0238AB14972BE5001AC32A /* Localizable.strings */,
			);
			name = en.lproj;
			sourceTree = "<group>";
		};
		CB0238AE14972BE5001AC32A /* es.lproj */ = {
			isa = PBXGroup;
			children = (
				CB0238AF14972BE5001AC32A /* Localizable.strings */,
			);
			name = es.lproj;
			sourceTree = "<group>";
		};
		CB0238B214972BE5001AC32A /* icons */ = {
			isa = PBXGroup;
			children = (
				CBFA18F61547707000809024 /* icon.png */,
				CBFA18F71547707000809024 /* Icon@2x.png */,
				CBFA18FA1547707F00809024 /* Icon-72.png */,
			);
			name = icons;
			sourceTree = "<group>";
		};
		CB0238B914972BE5001AC32A /* splash */ = {
			isa = PBXGroup;
			children = (
				CBFA18EC1547703B00809024 /* Default.png */,
				CBFA18ED1547703B00809024 /* Default@2x.png */,
				CBFA18F01547704500809024 /* Default-Portrait.png */,
				CBFA18F11547704500809024 /* Default-Portrait~ipad.png */,
				CBFA18F21547704500809024 /* Default-PortraitUpsideDown~ipad.png */,
			);
			name = splash;
			sourceTree = "<group>";
		};
		CB0238C214972BE5001AC32A /* Classes */ = {
			isa = PBXGroup;
			children = (
				CB0238C314972BE5001AC32A /* AppDelegate.h */,
				CB0238C414972BE5001AC32A /* AppDelegate.m */,
			);
			name = Classes;
			sourceTree = "<group>";
		};
		CB0238C614972BE5001AC32A /* Plugins */ = {
			isa = PBXGroup;
			children = (
				CB02390414980170001AC32A /* CNTRLBonjour.h */,
				CB02390514980170001AC32A /* CNTRLBonjour.m */,
				CB0238FC14973581001AC32A /* CNTRLDevice.h */,
				CB0238FD14973581001AC32A /* CNTRLDevice.m */,
				CB02395B149AA86B001AC32A /* CNTRLMIDI.h */,
				CB02395C149AA86B001AC32A /* CNTRLMIDI.m */,
				CBFA18FF1547D94C00809024 /* CNTRLMagnetometer.h */,
				CBFA19001547D94C00809024 /* CNTRLMagnetometer.m */,
				CB64B499154CE9AE00D403A4 /* CNTRLSpeech.h */,
				CB64B49A154CE9AE00D403A4 /* CNTRLSpeech.m */,
				CBB033BA154C8F5600FC4156 /* CNTRLVideo.h */,
				CBB033BB154C8F5600FC4156 /* CNTRLVideo.m */,
				CB737F1014DA8729003416AF /* Gyro.h */,
				CB737F1114DA8729003416AF /* Gyro.m */,
				CB0238D614973011001AC32A /* OSCManager.h */,
				CB0238D714973011001AC32A /* OSCManager.mm */,
				CB0238C714972BE5001AC32A /* README */,
			);
			name = Plugins;
			sourceTree = "<group>";
		};
		CB0238DE14973255001AC32A /* ip */ = {
			isa = PBXGroup;
			children = (
				CB0238DF14973255001AC32A /* IpEndpointName.cpp */,
				CB0238E014973255001AC32A /* IpEndpointName.h */,
				CB0238E114973255001AC32A /* NetworkingUtils.h */,
				CB0238E214973255001AC32A /* PacketListener.h */,
				CB0238E314973255001AC32A /* posix */,
				CB0238E614973255001AC32A /* TimerListener.h */,
				CB0238E714973255001AC32A /* UdpSocket.h */,
			);
			path = ip;
			sourceTree = "<group>";
		};
		CB0238E314973255001AC32A /* posix */ = {
			isa = PBXGroup;
			children = (
				CB0238E414973255001AC32A /* NetworkingUtils.cpp */,
				CB0238E514973255001AC32A /* UdpSocket.cpp */,
			);
			path = posix;
			sourceTree = "<group>";
		};
		CB0238E814973255001AC32A /* osc */ = {
			isa = PBXGroup;
			children = (
				CB0238E914973255001AC32A /* MessageMappingOscPacketListener.h */,
				CB0238EA14973255001AC32A /* OscException.h */,
				CB0238EB14973255001AC32A /* OscHostEndianness.h */,
				CB0238EC14973255001AC32A /* OscOutboundPacketStream.cpp */,
				CB0238ED14973255001AC32A /* OscOutboundPacketStream.h */,
				CB0238EE14973255001AC32A /* OscPacketListener.h */,
				CB0238EF14973255001AC32A /* OscPrintReceivedElements.cpp */,
				CB0238F014973255001AC32A /* OscPrintReceivedElements.h */,
				CB0238F114973255001AC32A /* OscReceivedElements.cpp */,
				CB0238F214973255001AC32A /* OscReceivedElements.h */,
				CB0238F314973255001AC32A /* OscTypes.cpp */,
				CB0238F414973255001AC32A /* OscTypes.h */,
			);
			path = osc;
			sourceTree = "<group>";
		};
		CB02390714981832001AC32A /* PhoneGap Classes */ = {
			isa = PBXGroup;
			children = (
				CB02390814981832001AC32A /* Accelerometer.h */,
				CB02390914981832001AC32A /* Accelerometer.m */,
				CB02390A14981832001AC32A /* Battery.h */,
				CB02390B14981832001AC32A /* Battery.m */,
				CB02390C14981832001AC32A /* Camera.h */,
				CB02390D14981832001AC32A /* Camera.m */,
				CB02390E14981832001AC32A /* Capture.h */,
				CB02390F14981832001AC32A /* Capture.m */,
				CB02391014981832001AC32A /* Categories.h */,
				CB02391114981832001AC32A /* Categories.m */,
				CB02391214981832001AC32A /* Connection.h */,
				CB02391314981832001AC32A /* Connection.m */,
				CB02391414981832001AC32A /* Contact.h */,
				CB02391514981832001AC32A /* Contact.m */,
				CB02391614981832001AC32A /* Contacts.h */,
				CB02391714981832001AC32A /* Contacts.m */,
				CB02391814981832001AC32A /* DebugConsole.h */,
				CB02391914981832001AC32A /* DebugConsole.m */,
				CB02391A14981832001AC32A /* File.h */,
				CB02391B14981832001AC32A /* File.m */,
				CB02391C14981832001AC32A /* FileTransfer.h */,
				CB02391D14981832001AC32A /* FileTransfer.m */,
				CB02391E14981832001AC32A /* InvokedUrlCommand.h */,
				CB02391F14981832001AC32A /* InvokedUrlCommand.m */,
				CB02392014981832001AC32A /* JSON */,
				CB02392314981832001AC32A /* Location.h */,
				CB02392414981832001AC32A /* Location.m */,
				CB02392514981832001AC32A /* Notification.h */,
				CB02392614981832001AC32A /* Notification.m */,
				CB02392714981832001AC32A /* NSData+Base64.h */,
				CB02392814981832001AC32A /* NSData+Base64.m */,
				CB02392914981832001AC32A /* NSMutableArray+QueueAdditions.h */,
				CB02392A14981832001AC32A /* NSMutableArray+QueueAdditions.m */,
				CB02392B14981832001AC32A /* PGDebug.h */,
				CB02392C14981832001AC32A /* PGMotion.h */,
				CB02392D14981832001AC32A /* PGMotion.m */,
				CB02392E14981832001AC32A /* PGPlugin.h */,
				CB02392F14981832001AC32A /* PGPlugin.m */,
				CB02393014981832001AC32A /* PGSplashScreen.h */,
				CB02393114981832001AC32A /* PGSplashScreen.m */,
				CB02393214981832001AC32A /* PGURLProtocol.h */,
				CB02393314981832001AC32A /* PGURLProtocol.m */,
				CB02393414981832001AC32A /* PGWhitelist.h */,
				CB02393514981832001AC32A /* PGWhitelist.m */,
				CB02393614981832001AC32A /* PhoneGapDelegate.h */,
				CB02393714981832001AC32A /* PhoneGapDelegate.m */,
				CB02393814981832001AC32A /* PhoneGapViewController.h */,
				CB02393914981832001AC32A /* PhoneGapViewController.m */,
				CB02393A14981832001AC32A /* PluginResult.h */,
				CB02393B14981832001AC32A /* PluginResult.m */,
				CB02393C14981832001AC32A /* Reachability.h */,
				CB02393D14981832001AC32A /* Reachability.m */,
				CB02393E14981832001AC32A /* Sound.h */,
				CB02393F14981832001AC32A /* Sound.m */,
			);
			name = "PhoneGap Classes";
			path = Classes;
			sourceTree = "<group>";
		};
		CB02392014981832001AC32A /* JSON */ = {
			isa = PBXGroup;
			children = (
				CB02392114981832001AC32A /* JSONKit.h */,
				CB02392214981832001AC32A /* JSONKit.m */,
			);
			path = JSON;
			sourceTree = "<group>";
		};
		CB76D59E154CFD39006DF5DC /* hub4wsj_sc_8k */ = {
			isa = PBXGroup;
			children = (
				CB76D59F154CFD39006DF5DC /* feat.params */,
				CB76D5A0154CFD39006DF5DC /* mdef */,
				CB76D5A1154CFD39006DF5DC /* means */,
				CB76D5A2154CFD39006DF5DC /* noisedict */,
				CB76D5A3154CFD39006DF5DC /* sendump */,
				CB76D5A4154CFD39006DF5DC /* transition_matrices */,
				CB76D5A5154CFD39006DF5DC /* variances */,
			);
			path = hub4wsj_sc_8k;
			sourceTree = "<group>";
		};
/* End PBXGroup section */

/* Begin PBXNativeTarget section */
		CB02387F14972BE5001AC32A /* Control */ = {
			isa = PBXNativeTarget;
			buildConfigurationList = CB0238CA14972BE5001AC32A /* Build configuration list for PBXNativeTarget "Control" */;
			buildPhases = (
				CB02387914972BE5001AC32A /* Sources */,
				CB02387A14972BE5001AC32A /* Frameworks */,
				CB02387B14972BE5001AC32A /* Resources */,
				CB02387C14972BE5001AC32A /* Sources */,
				CB02387D14972BE5001AC32A /* Frameworks */,
				CB02387E14972BE5001AC32A /* ShellScript */,
			);
			buildRules = (
			);
			dependencies = (
			);
			name = Control;
			productName = Control;
			productReference = CB02388014972BE5001AC32A /* Control.app */;
			productType = "com.apple.product-type.application";
		};
/* End PBXNativeTarget section */

/* Begin PBXProject section */
		CB02387414972BE5001AC32A /* Project object */ = {
			isa = PBXProject;
			attributes = {
				LastUpgradeCheck = 0420;
			};
			buildConfigurationList = CB02387714972BE5001AC32A /* Build configuration list for PBXProject "Control" */;
			compatibilityVersion = "Xcode 3.2";
			developmentRegion = English;
			hasScannedForEncodings = 0;
			knownRegions = (
				en,
				es,
			);
			mainGroup = CB02387214972BE5001AC32A;
			productRefGroup = CB02388114972BE5001AC32A /* Products */;
			projectDirPath = "";
			projectRoot = "";
			targets = (
				CB02387F14972BE5001AC32A /* Control */,
			);
		};
/* End PBXProject section */

/* Begin PBXResourcesBuildPhase section */
		CB02387B14972BE5001AC32A /* Resources */ = {
			isa = PBXResourcesBuildPhase;
			buildActionMask = 2147483647;
			files = (
				CB0238A314972BE5001AC32A /* InfoPlist.strings in Resources */,
				CB0238AD14972BE5001AC32A /* Localizable.strings in Resources */,
				CB0238BF14972BE5001AC32A /* Capture.bundle in Resources */,
				CB0238C114972BE5001AC32A /* PhoneGap.plist in Resources */,
				CB0238CE14972C9E001AC32A /* www in Resources */,
				CBFA18EE1547703B00809024 /* Default.png in Resources */,
				CBFA18EF1547703B00809024 /* Default@2x.png in Resources */,
				CBFA18F31547704500809024 /* Default-Portrait.png in Resources */,
				CBFA18F41547704500809024 /* Default-Portrait~ipad.png in Resources */,
				CBFA18F51547704500809024 /* Default-PortraitUpsideDown~ipad.png in Resources */,
				CBFA18F81547707000809024 /* icon.png in Resources */,
				CBFA18F91547707000809024 /* Icon@2x.png in Resources */,
				CBFA18FB1547707F00809024 /* Icon-72.png in Resources */,
				CB64B49D154CF0F100D403A4 /* cmu07a.dic in Resources */,
				CB76D5A6154CFD39006DF5DC /* feat.params in Resources */,
				CB76D5A7154CFD39006DF5DC /* mdef in Resources */,
				CB76D5A8154CFD39006DF5DC /* means in Resources */,
				CB76D5A9154CFD39006DF5DC /* noisedict in Resources */,
				CB76D5AA154CFD39006DF5DC /* sendump in Resources */,
				CB76D5AB154CFD39006DF5DC /* transition_matrices in Resources */,
				CB76D5AC154CFD39006DF5DC /* variances in Resources */,
			);
			runOnlyForDeploymentPostprocessing = 0;
		};
/* End PBXResourcesBuildPhase section */

/* Begin PBXShellScriptBuildPhase section */
		CB02387E14972BE5001AC32A /* ShellScript */ = {
			isa = PBXShellScriptBuildPhase;
			buildActionMask = 2147483647;
			files = (
			);
			inputPaths = (
			);
			outputPaths = (
			);
			runOnlyForDeploymentPostprocessing = 0;
			shellPath = /bin/bash;
			shellScript = "\n\t\t\t\t\t\t\t\tif [ ! -d \"$PROJECT_DIR/www\" ] ; then\n\t\t\t\t\t\t\t\t\tcp -R /Users/Shared/PhoneGap/Frameworks/PhoneGap.framework/www \"$PROJECT_DIR\"\n\t\t\t\t\t\t\t\tfi\n\t\t\t\t\t\t\t\t# detect www folder reference in project, if missing, print warning\n\t\t\t\t\t\t\t\tgrep \"{isa = PBXFileReference; lastKnownFileType = folder; path = www; sourceTree = \\\"<group>\\\"; };\" \"$PROJECT_DIR/$PROJECT_NAME.xcodeproj/project.pbxproj\"\n\t\t\t\t\t\t\t\trc=$? \n\t\t\t\t\t\t\t\tif [ $rc != 0 ] ; then\n\t\t\t\t\t\t\t\techo -e \"warning: Missing - Add $PROJECT_DIR/www as a folder reference in your project. Just drag and drop the folder into your project, into the Project Navigator of Xcode 4. Make sure you select the second radio-button: 'Create folder references for any added folders' (which will create a blue folder)\" 1>&2\n\t\t\t\t\t\t\t\tfi\t\t\t\t\t\t\t";
		};
/* End PBXShellScriptBuildPhase section */

/* Begin PBXSourcesBuildPhase section */
		CB02387914972BE5001AC32A /* Sources */ = {
			isa = PBXSourcesBuildPhase;
			buildActionMask = 2147483647;
			files = (
				CB0238A514972BE5001AC32A /* main.m in Sources */,
				CB0238C514972BE5001AC32A /* AppDelegate.m in Sources */,
				CB0238D814973011001AC32A /* OSCManager.mm in Sources */,
				CB0238F514973255001AC32A /* IpEndpointName.cpp in Sources */,
				CB0238F614973255001AC32A /* NetworkingUtils.cpp in Sources */,
				CB0238F714973255001AC32A /* UdpSocket.cpp in Sources */,
				CB0238F814973255001AC32A /* OscOutboundPacketStream.cpp in Sources */,
				CB0238F914973255001AC32A /* OscPrintReceivedElements.cpp in Sources */,
				CB0238FA14973255001AC32A /* OscReceivedElements.cpp in Sources */,
				CB0238FB14973255001AC32A /* OscTypes.cpp in Sources */,
				CB0238FE14973581001AC32A /* CNTRLDevice.m in Sources */,
				CB02390614980170001AC32A /* CNTRLBonjour.m in Sources */,
				CB02394014981832001AC32A /* Accelerometer.m in Sources */,
				CB02394114981832001AC32A /* Battery.m in Sources */,
				CB02394214981832001AC32A /* Camera.m in Sources */,
				CB02394314981832001AC32A /* Capture.m in Sources */,
				CB02394414981832001AC32A /* Categories.m in Sources */,
				CB02394514981832001AC32A /* Connection.m in Sources */,
				CB02394614981832001AC32A /* Contact.m in Sources */,
				CB02394714981832001AC32A /* Contacts.m in Sources */,
				CB02394814981832001AC32A /* DebugConsole.m in Sources */,
				CB02394914981832001AC32A /* File.m in Sources */,
				CB02394A14981832001AC32A /* FileTransfer.m in Sources */,
				CB02394B14981832001AC32A /* InvokedUrlCommand.m in Sources */,
				CB02394C14981832001AC32A /* JSONKit.m in Sources */,
				CB02394D14981832001AC32A /* Location.m in Sources */,
				CB02394E14981832001AC32A /* Notification.m in Sources */,
				CB02394F14981832001AC32A /* NSData+Base64.m in Sources */,
				CB02395014981832001AC32A /* NSMutableArray+QueueAdditions.m in Sources */,
				CB02395114981832001AC32A /* PGMotion.m in Sources */,
				CB02395214981832001AC32A /* PGPlugin.m in Sources */,
				CB02395314981832001AC32A /* PGSplashScreen.m in Sources */,
				CB02395414981832001AC32A /* PGURLProtocol.m in Sources */,
				CB02395514981832001AC32A /* PGWhitelist.m in Sources */,
				CB02395614981832001AC32A /* PhoneGapDelegate.m in Sources */,
				CB02395714981832001AC32A /* PhoneGapViewController.m in Sources */,
				CB02395814981832001AC32A /* PluginResult.m in Sources */,
				CB02395914981832001AC32A /* Reachability.m in Sources */,
				CB02395A14981832001AC32A /* Sound.m in Sources */,
				CB02395D149AA86C001AC32A /* CNTRLMIDI.m in Sources */,
				CB737F1214DA8729003416AF /* Gyro.m in Sources */,
				CBFA19011547D94D00809024 /* CNTRLMagnetometer.m in Sources */,
				CBB033BC154C8F5600FC4156 /* CNTRLVideo.m in Sources */,
				CB64B49B154CE9AE00D403A4 /* CNTRLSpeech.m in Sources */,
			);
			runOnlyForDeploymentPostprocessing = 0;
		};
		CB02387C14972BE5001AC32A /* Sources */ = {
			isa = PBXSourcesBuildPhase;
			buildActionMask = 2147483647;
			files = (
			);
			runOnlyForDeploymentPostprocessing = 0;
		};
/* End PBXSourcesBuildPhase section */

/* Begin PBXVariantGroup section */
		CB0238A114972BE5001AC32A /* InfoPlist.strings */ = {
			isa = PBXVariantGroup;
			children = (
				CB0238A214972BE5001AC32A /* en */,
			);
			name = InfoPlist.strings;
			sourceTree = "<group>";
		};
		CB0238AB14972BE5001AC32A /* Localizable.strings */ = {
			isa = PBXVariantGroup;
			children = (
				CB0238AC14972BE5001AC32A /* en */,
			);
			name = Localizable.strings;
			sourceTree = "<group>";
		};
		CB0238AF14972BE5001AC32A /* Localizable.strings */ = {
			isa = PBXVariantGroup;
			children = (
				CB0238B014972BE5001AC32A /* es */,
			);
			name = Localizable.strings;
			sourceTree = "<group>";
		};
/* End PBXVariantGroup section */

/* Begin XCBuildConfiguration section */
		CB0238C814972BE5001AC32A /* Debug */ = {
			isa = XCBuildConfiguration;
			buildSettings = {
				ALWAYS_SEARCH_USER_PATHS = NO;
				ARCHS = "$(ARCHS_STANDARD_32_BIT)";
				"CODE_SIGN_IDENTITY[sdk=iphoneos*]" = "iPhone Developer";
				COPY_PHASE_STRIP = NO;
				GCC_C_LANGUAGE_STANDARD = gnu99;
				GCC_DYNAMIC_NO_PIC = NO;
				GCC_OPTIMIZATION_LEVEL = 0;
				GCC_PREPROCESSOR_DEFINITIONS = (
					"DEBUG=1",
					"$(inherited)",
				);
				GCC_SYMBOLS_PRIVATE_EXTERN = NO;
				GCC_VERSION = com.apple.compilers.llvmgcc42;
				GCC_WARN_ABOUT_MISSING_PROTOTYPES = YES;
				GCC_WARN_ABOUT_RETURN_TYPE = YES;
				GCC_WARN_UNUSED_VARIABLE = YES;
				IPHONEOS_DEPLOYMENT_TARGET = 3.0;
				SDKROOT = iphoneos;
			};
			name = Debug;
		};
		CB0238C914972BE5001AC32A /* Release */ = {
			isa = XCBuildConfiguration;
			buildSettings = {
				ALWAYS_SEARCH_USER_PATHS = NO;
				ARCHS = "$(ARCHS_STANDARD_32_BIT)";
				"CODE_SIGN_IDENTITY[sdk=iphoneos*]" = "iPhone Developer";
				COPY_PHASE_STRIP = YES;
				GCC_C_LANGUAGE_STANDARD = gnu99;
				GCC_OPTIMIZATION_LEVEL = 3;
				GCC_VERSION = com.apple.compilers.llvmgcc42;
				GCC_WARN_ABOUT_MISSING_PROTOTYPES = YES;
				GCC_WARN_ABOUT_RETURN_TYPE = YES;
				GCC_WARN_UNUSED_VARIABLE = YES;
				IPHONEOS_DEPLOYMENT_TARGET = 3.0;
				SDKROOT = iphoneos;
				VALIDATE_PRODUCT = YES;
			};
			name = Release;
		};
		CB0238CB14972BE5001AC32A /* Debug */ = {
			isa = XCBuildConfiguration;
			buildSettings = {
				ALWAYS_SEARCH_USER_PATHS = YES;
				COPY_PHASE_STRIP = NO;
				FRAMEWORK_SEARCH_PATHS = (
					/Users/Shared/PhoneGap/Frameworks,
					"\"$(SRCROOT)/../../../OpenEarsDistribution/OpenEars/framework\"",
					"\"$(SRCROOT)\"",
				);
				GCC_DYNAMIC_NO_PIC = NO;
				GCC_PRECOMPILE_PREFIX_HEADER = YES;
				GCC_PREFIX_HEADER = "Control/Control-Prefix.pch";
				GCC_PREPROCESSOR_DEFINITIONS = "PHONEGAP_FRAMEWORK=YES";
				HEADER_SEARCH_PATHS = "$(PROJECT_DIR)/**";
				INFOPLIST_FILE = "Control/Control-Info.plist";
				IPHONEOS_DEPLOYMENT_TARGET = 4.3;
				OTHER_LDFLAGS = (
					"-weak_framework",
					UIKit,
					"-weak_framework",
					AVFoundation,
					"-weak_framework",
					CoreMedia,
					"-weak_library",
					/usr/lib/libSystem.B.dylib,
				);
				PRODUCT_NAME = "$(TARGET_NAME)";
				TARGETED_DEVICE_FAMILY = "1,2";
				WRAPPER_EXTENSION = app;
			};
			name = Debug;
		};
		CB0238CC14972BE5001AC32A /* Release */ = {
			isa = XCBuildConfiguration;
			buildSettings = {
				ALWAYS_SEARCH_USER_PATHS = YES;
				COPY_PHASE_STRIP = YES;
				DEBUG_INFORMATION_FORMAT = "dwarf-with-dsym";
				FRAMEWORK_SEARCH_PATHS = (
					/Users/Shared/PhoneGap/Frameworks,
					"\"$(SRCROOT)/../../../OpenEarsDistribution/OpenEars/framework\"",
					"\"$(SRCROOT)\"",
				);
				GCC_OPTIMIZATION_LEVEL = 3;
				GCC_PRECOMPILE_PREFIX_HEADER = YES;
				GCC_PREFIX_HEADER = "Control/Control-Prefix.pch";
				GCC_PREPROCESSOR_DEFINITIONS = "PHONEGAP_FRAMEWORK=YES";
				HEADER_SEARCH_PATHS = "$(PROJECT_DIR)/**";
				INFOPLIST_FILE = "Control/Control-Info.plist";
				IPHONEOS_DEPLOYMENT_TARGET = 4.3;
				OTHER_LDFLAGS = (
					"-weak_framework",
					UIKit,
					"-weak_framework",
					AVFoundation,
					"-weak_framework",
					CoreMedia,
					"-weak_library",
					/usr/lib/libSystem.B.dylib,
				);
				PRODUCT_NAME = "$(TARGET_NAME)";
				TARGETED_DEVICE_FAMILY = "1,2";
				VALIDATE_PRODUCT = YES;
				WRAPPER_EXTENSION = app;
			};
			name = Release;
		};
/* End XCBuildConfiguration section */

/* Begin XCConfigurationList section */
		CB02387714972BE5001AC32A /* Build configuration list for PBXProject "Control" */ = {
			isa = XCConfigurationList;
			buildConfigurations = (
				CB0238C814972BE5001AC32A /* Debug */,
				CB0238C914972BE5001AC32A /* Release */,
			);
			defaultConfigurationIsVisible = 0;
			defaultConfigurationName = Release;
		};
		CB0238CA14972BE5001AC32A /* Build configuration list for PBXNativeTarget "Control" */ = {
			isa = XCConfigurationList;
			buildConfigurations = (
				CB0238CB14972BE5001AC32A /* Debug */,
				CB0238CC14972BE5001AC32A /* Release */,
			);
			defaultConfigurationIsVisible = 0;
			defaultConfigurationName = Release;
		};
/* End XCConfigurationList section */
	};
	rootObject = CB02387414972BE5001AC32A /* Project object */;
}
